Microsoft Visual Studio Solution File, Format Version 12.00
# Visual Studio Version 17
VisualStudioVersion = 17.13.35931.197
MinimumVisualStudioVersion = 10.0.40219.1
Project("{FAE04EC0-301F-11D3-BF4B-00C04F79EFBC}") = "SortingShellSort", "SortingShellSort.csproj", "{FB006FA7-1C09-4EF9-BC9D-A458F81C5360}"
EndProject
Global
	GlobalSection(SolutionConfigurationPlatforms) = preSolution
		Debug|Any CPU = Debug|Any CPU
		Release|Any CPU = Release|Any CPU
	EndGlobalSection
	GlobalSection(ProjectConfigurationPlatforms) = postSolution
		{FB006FA7-1C09-4EF9-BC9D-A458F81C5360}.Debug|Any CPU.ActiveCfg = Debug|Any CPU
		{FB006FA7-1C09-4EF9-BC9D-A458F81C5360}.Debug|Any CPU.Build.0 = Debug|Any CPU
		{FB006FA7-1C09-4EF9-BC9D-A458F81C5360}.Release|Any CPU.ActiveCfg = Release|Any CPU
		{FB006FA7-1C09-4EF9-BC9D-A458F81C5360}.Release|Any CPU.Build.0 = Release|Any CPU
	EndGlobalSection
	GlobalSection(SolutionProperties) = preSolution
		HideSolutionNode = FALSE
	EndGlobalSection
	GlobalSection(ExtensibilityGlobals) = postSolution
		SolutionGuid = {3E2B443F-0148-4ADB-BD53-221904CC8AB8}
	EndGlobalSection
EndGlobal
