
Microsoft Visual Studio Solution File, Format Version 12.00
# Visual Studio Version 17
VisualStudioVersion = 17.1.32210.238
MinimumVisualStudioVersion = 10.0.40219.1
Project("{FAE04EC0-301F-11D3-BF4B-00C04F79EFBC}") = "RomanNumerals", "RomanNumerals\RomanNumerals.csproj", "{3E9A71D2-B5CA-4433-9FCA-BE7C25135F99}"
EndProject
Project("{2150E333-8FDC-42A3-9474-1A3956D46DE8}") = "Solution Items", "Solution Items", "{0350672C-B298-44A1-9063-F603F23FC470}"
	ProjectSection(SolutionItems) = preProject
		README.md = README.md
	EndProjectSection
EndProject
Global
	GlobalSection(SolutionConfigurationPlatforms) = preSolution
		Debug|Any CPU = Debug|Any CPU
		Release|Any CPU = Release|Any CPU
	EndGlobalSection
	GlobalSection(ProjectConfigurationPlatforms) = postSolution
		{3E9A71D2-B5CA-4433-9FCA-BE7C25135F99}.Debug|Any CPU.ActiveCfg = Debug|Any CPU
		{3E9A71D2-B5CA-4433-9FCA-BE7C25135F99}.Debug|Any CPU.Build.0 = Debug|Any CPU
		{3E9A71D2-B5CA-4433-9FCA-BE7C25135F99}.Release|Any CPU.ActiveCfg = Release|Any CPU
		{3E9A71D2-B5CA-4433-9FCA-BE7C25135F99}.Release|Any CPU.Build.0 = Release|Any CPU
	EndGlobalSection
	GlobalSection(SolutionProperties) = preSolution
		HideSolutionNode = FALSE
	EndGlobalSection
	GlobalSection(ExtensibilityGlobals) = postSolution
		SolutionGuid = {999D45B8-B8B8-4542-A5FA-222443134C82}
	EndGlobalSection
EndGlobal
