
Microsoft Visual Studio Solution File, Format Version 12.00
# Visual Studio Version 16
VisualStudioVersion = 16.0.29519.181
MinimumVisualStudioVersion = 10.0.40219.1
Project("{FAE04EC0-301F-11D3-BF4B-00C04F79EFBC}") = "Prvocisla", "Prvocisla\Prvocisla.csproj", "{C459E5CA-7E3F-4699-BB8C-DF7847EF74B7}"
EndProject
Global
	GlobalSection(SolutionConfigurationPlatforms) = preSolution
		Debug|Any CPU = Debug|Any CPU
		Release|Any CPU = Release|Any CPU
	EndGlobalSection
	GlobalSection(ProjectConfigurationPlatforms) = postSolution
		{C459E5CA-7E3F-4699-BB8C-DF7847EF74B7}.Debug|Any CPU.ActiveCfg = Debug|Any CPU
		{C459E5CA-7E3F-4699-BB8C-DF7847EF74B7}.Debug|Any CPU.Build.0 = Debug|Any CPU
		{C459E5CA-7E3F-4699-BB8C-DF7847EF74B7}.Release|Any CPU.ActiveCfg = Release|Any CPU
		{C459E5CA-7E3F-4699-BB8C-DF7847EF74B7}.Release|Any CPU.Build.0 = Release|Any CPU
	EndGlobalSection
	GlobalSection(SolutionProperties) = preSolution
		HideSolutionNode = FALSE
	EndGlobalSection
	GlobalSection(ExtensibilityGlobals) = postSolution
		SolutionGuid = {B8667B66-4703-4AA8-96A8-BADE128BF065}
	EndGlobalSection
EndGlobal
