
Microsoft Visual Studio Solution File, Format Version 12.00
# Visual Studio Version 17
VisualStudioVersion = 17.0.31919.166
MinimumVisualStudioVersion = 10.0.40219.1
Project("{FAE04EC0-301F-11D3-BF4B-00C04F79EFBC}") = "Palindrome", "Palindrome\Palindrome.csproj", "{BC1AE510-C59B-4ED2-84CC-11033FC7D12C}"
EndProject
Global
	GlobalSection(SolutionConfigurationPlatforms) = preSolution
		Debug|Any CPU = Debug|Any CPU
		Release|Any CPU = Release|Any CPU
	EndGlobalSection
	GlobalSection(ProjectConfigurationPlatforms) = postSolution
		{BC1AE510-C59B-4ED2-84CC-11033FC7D12C}.Debug|Any CPU.ActiveCfg = Debug|Any CPU
		{BC1AE510-C59B-4ED2-84CC-11033FC7D12C}.Debug|Any CPU.Build.0 = Debug|Any CPU
		{BC1AE510-C59B-4ED2-84CC-11033FC7D12C}.Release|Any CPU.ActiveCfg = Release|Any CPU
		{BC1AE510-C59B-4ED2-84CC-11033FC7D12C}.Release|Any CPU.Build.0 = Release|Any CPU
	EndGlobalSection
	GlobalSection(SolutionProperties) = preSolution
		HideSolutionNode = FALSE
	EndGlobalSection
	GlobalSection(ExtensibilityGlobals) = postSolution
		SolutionGuid = {D7B8463A-93E7-444D-8166-7714ACB6E4DA}
	EndGlobalSection
EndGlobal
