Microsoft Visual Studio Solution File, Format Version 12.00
# Visual Studio Version 17
VisualStudioVersion = 17.13.35919.96
MinimumVisualStudioVersion = 10.0.40219.1
Project("{FAE04EC0-301F-11D3-BF4B-00C04F79EFBC}") = "SortingQuickSort", "SortingQuickSort.csproj", "{93D8383C-23D3-42CE-A7F3-4925399ED955}"
EndProject
Global
	GlobalSection(SolutionConfigurationPlatforms) = preSolution
		Debug|Any CPU = Debug|Any CPU
		Release|Any CPU = Release|Any CPU
	EndGlobalSection
	GlobalSection(ProjectConfigurationPlatforms) = postSolution
		{93D8383C-23D3-42CE-A7F3-4925399ED955}.Debug|Any CPU.ActiveCfg = Debug|Any CPU
		{93D8383C-23D3-42CE-A7F3-4925399ED955}.Debug|Any CPU.Build.0 = Debug|Any CPU
		{93D8383C-23D3-42CE-A7F3-4925399ED955}.Release|Any CPU.ActiveCfg = Release|Any CPU
		{93D8383C-23D3-42CE-A7F3-4925399ED955}.Release|Any CPU.Build.0 = Release|Any CPU
	EndGlobalSection
	GlobalSection(SolutionProperties) = preSolution
		HideSolutionNode = FALSE
	EndGlobalSection
	GlobalSection(ExtensibilityGlobals) = postSolution
		SolutionGuid = {B4254C0E-498B-4909-94A6-9F69DFB97F06}
	EndGlobalSection
EndGlobal
