
Microsoft Visual Studio Solution File, Format Version 12.00
# Visual Studio Version 18
VisualStudioVersion = 18.0.11012.119 d18.0
MinimumVisualStudioVersion = 10.0.40219.1
Project("{FAE04EC0-301F-11D3-BF4B-00C04F79EFBC}") = "ParallelPasswordHasher", "ParallelPasswordHasher.csproj", "{6E15E9A9-F863-F63B-4768-6D6346E77FEC}"
EndProject
Global
	GlobalSection(SolutionConfigurationPlatforms) = preSolution
		Debug|Any CPU = Debug|Any CPU
		Release|Any CPU = Release|Any CPU
	EndGlobalSection
	GlobalSection(ProjectConfigurationPlatforms) = postSolution
		{6E15E9A9-F863-F63B-4768-6D6346E77FEC}.Debug|Any CPU.ActiveCfg = Debug|Any CPU
		{6E15E9A9-F863-F63B-4768-6D6346E77FEC}.Debug|Any CPU.Build.0 = Debug|Any CPU
		{6E15E9A9-F863-F63B-4768-6D6346E77FEC}.Release|Any CPU.ActiveCfg = Release|Any CPU
		{6E15E9A9-F863-F63B-4768-6D6346E77FEC}.Release|Any CPU.Build.0 = Release|Any CPU
	EndGlobalSection
	GlobalSection(SolutionProperties) = preSolution
		HideSolutionNode = FALSE
	EndGlobalSection
	GlobalSection(ExtensibilityGlobals) = postSolution
		SolutionGuid = {B0B28579-25C7-462C-920C-FDCBCF280A32}
	EndGlobalSection
EndGlobal
