
Microsoft Visual Studio Solution File, Format Version 12.00
# Visual Studio Version 17
VisualStudioVersion = 17.0.32112.339
MinimumVisualStudioVersion = 10.0.40219.1
Project("{FAE04EC0-301F-11D3-BF4B-00C04F79EFBC}") = "Banking2", "Banking2\Banking2.csproj", "{C2375AAE-6E5F-4CE3-9415-4B67D77490FD}"
EndProject
Global
	GlobalSection(SolutionConfigurationPlatforms) = preSolution
		Debug|Any CPU = Debug|Any CPU
		Release|Any CPU = Release|Any CPU
	EndGlobalSection
	GlobalSection(ProjectConfigurationPlatforms) = postSolution
		{C2375AAE-6E5F-4CE3-9415-4B67D77490FD}.Debug|Any CPU.ActiveCfg = Debug|Any CPU
		{C2375AAE-6E5F-4CE3-9415-4B67D77490FD}.Debug|Any CPU.Build.0 = Debug|Any CPU
		{C2375AAE-6E5F-4CE3-9415-4B67D77490FD}.Release|Any CPU.ActiveCfg = Release|Any CPU
		{C2375AAE-6E5F-4CE3-9415-4B67D77490FD}.Release|Any CPU.Build.0 = Release|Any CPU
	EndGlobalSection
	GlobalSection(SolutionProperties) = preSolution
		HideSolutionNode = FALSE
	EndGlobalSection
	GlobalSection(ExtensibilityGlobals) = postSolution
		SolutionGuid = {B9E34E41-FFF3-48D6-9039-92D909E10630}
	EndGlobalSection
EndGlobal
