Microsoft Visual Studio Solution File, Format Version 12.00
# 17
VisualStudioVersion = 17.11.35312.102
MinimumVisualStudioVersion = 10.0.40219.1
Project("{FAE04EC0-301F-11D3-BF4B-00C04F79EFBC}") = "KnapsackDynamic", "KnapsackDynamic.csproj", "{24DD5EEB-6657-47BC-B677-BA40F2685042}"
EndProject
Global
	GlobalSection(SolutionConfigurationPlatforms) = preSolution
		Debug|Any CPU = Debug|Any CPU
		Release|Any CPU = Release|Any CPU
	EndGlobalSection
	GlobalSection(ProjectConfigurationPlatforms) = postSolution
		{24DD5EEB-6657-47BC-B677-BA40F2685042}.Debug|Any CPU.ActiveCfg = Debug|Any CPU
		{24DD5EEB-6657-47BC-B677-BA40F2685042}.Debug|Any CPU.Build.0 = Debug|Any CPU
		{24DD5EEB-6657-47BC-B677-BA40F2685042}.Release|Any CPU.ActiveCfg = Release|Any CPU
		{24DD5EEB-6657-47BC-B677-BA40F2685042}.Release|Any CPU.Build.0 = Release|Any CPU
	EndGlobalSection
	GlobalSection(SolutionProperties) = preSolution
		HideSolutionNode = FALSE
	EndGlobalSection
	GlobalSection(ExtensibilityGlobals) = postSolution
		SolutionGuid = {7A27FF14-EBB2-4CFA-B17A-275632174490}
	EndGlobalSection
EndGlobal
