
Microsoft Visual Studio Solution File, Format Version 12.00
# Visual Studio Version 17
VisualStudioVersion = 17.0.31919.166
MinimumVisualStudioVersion = 10.0.40219.1
Project("{FAE04EC0-301F-11D3-BF4B-00C04F79EFBC}") = "ExchangeRatesTextProcessing", "ExchangeRatesTextProcessing\ExchangeRatesTextProcessing.csproj", "{E8C735CF-D9B9-43BD-8761-A572833A50EA}"
EndProject
Project("{2150E333-8FDC-42A3-9474-1A3956D46DE8}") = "Solution Items", "Solution Items", "{7A7701D8-BF2B-424D-B564-89DB0F532DCE}"
	ProjectSection(SolutionItems) = preProject
		README.md = README.md
	EndProjectSection
EndProject
Global
	GlobalSection(SolutionConfigurationPlatforms) = preSolution
		Debug|Any CPU = Debug|Any CPU
		Release|Any CPU = Release|Any CPU
	EndGlobalSection
	GlobalSection(ProjectConfigurationPlatforms) = postSolution
		{E8C735CF-D9B9-43BD-8761-A572833A50EA}.Debug|Any CPU.ActiveCfg = Debug|Any CPU
		{E8C735CF-D9B9-43BD-8761-A572833A50EA}.Debug|Any CPU.Build.0 = Debug|Any CPU
		{E8C735CF-D9B9-43BD-8761-A572833A50EA}.Release|Any CPU.ActiveCfg = Release|Any CPU
		{E8C735CF-D9B9-43BD-8761-A572833A50EA}.Release|Any CPU.Build.0 = Release|Any CPU
	EndGlobalSection
	GlobalSection(SolutionProperties) = preSolution
		HideSolutionNode = FALSE
	EndGlobalSection
	GlobalSection(ExtensibilityGlobals) = postSolution
		SolutionGuid = {12ED6A47-95EC-4C18-94DA-80C7C88BB04C}
	EndGlobalSection
EndGlobal
