
Microsoft Visual Studio Solution File, Format Version 12.00
# Visual Studio Version 16
VisualStudioVersion = 16.0.29613.14
MinimumVisualStudioVersion = 10.0.40219.1
Project("{FAE04EC0-301F-11D3-BF4B-00C04F79EFBC}") = "WebHadaniCisel", "WebHadaniCisel\WebHadaniCisel.csproj", "{2917775A-1A37-4829-A520-AA1F7F010418}"
EndProject
Global
	GlobalSection(SolutionConfigurationPlatforms) = preSolution
		Debug|Any CPU = Debug|Any CPU
		Release|Any CPU = Release|Any CPU
	EndGlobalSection
	GlobalSection(ProjectConfigurationPlatforms) = postSolution
		{2917775A-1A37-4829-A520-AA1F7F010418}.Debug|Any CPU.ActiveCfg = Debug|Any CPU
		{2917775A-1A37-4829-A520-AA1F7F010418}.Debug|Any CPU.Build.0 = Debug|Any CPU
		{2917775A-1A37-4829-A520-AA1F7F010418}.Release|Any CPU.ActiveCfg = Release|Any CPU
		{2917775A-1A37-4829-A520-AA1F7F010418}.Release|Any CPU.Build.0 = Release|Any CPU
	EndGlobalSection
	GlobalSection(SolutionProperties) = preSolution
		HideSolutionNode = FALSE
	EndGlobalSection
	GlobalSection(ExtensibilityGlobals) = postSolution
		SolutionGuid = {7C64EF62-D2BD-436C-B11E-7B7466E54EE7}
	EndGlobalSection
EndGlobal
