
Microsoft Visual Studio Solution File, Format Version 12.00
# Visual Studio Version 17
VisualStudioVersion = 17.1.32319.34
MinimumVisualStudioVersion = 10.0.40219.1
Project("{FAE04EC0-301F-11D3-BF4B-00C04F79EFBC}") = "BracesValidator", "BracesValidator\BracesValidator.csproj", "{2598B2DE-96ED-4D1F-B668-B2F03224E3D4}"
EndProject
Project("{2150E333-8FDC-42A3-9474-1A3956D46DE8}") = "Solution Items", "Solution Items", "{BE758B4D-16B5-44AF-8E43-94E89D3F4B90}"
	ProjectSection(SolutionItems) = preProject
		README.md = README.md
	EndProjectSection
EndProject
Global
	GlobalSection(SolutionConfigurationPlatforms) = preSolution
		Debug|Any CPU = Debug|Any CPU
		Release|Any CPU = Release|Any CPU
	EndGlobalSection
	GlobalSection(ProjectConfigurationPlatforms) = postSolution
		{2598B2DE-96ED-4D1F-B668-B2F03224E3D4}.Debug|Any CPU.ActiveCfg = Debug|Any CPU
		{2598B2DE-96ED-4D1F-B668-B2F03224E3D4}.Debug|Any CPU.Build.0 = Debug|Any CPU
		{2598B2DE-96ED-4D1F-B668-B2F03224E3D4}.Release|Any CPU.ActiveCfg = Release|Any CPU
		{2598B2DE-96ED-4D1F-B668-B2F03224E3D4}.Release|Any CPU.Build.0 = Release|Any CPU
	EndGlobalSection
	GlobalSection(SolutionProperties) = preSolution
		HideSolutionNode = FALSE
	EndGlobalSection
	GlobalSection(ExtensibilityGlobals) = postSolution
		SolutionGuid = {740367DE-7BF4-4358-935C-1DE5B90A9A40}
	EndGlobalSection
EndGlobal
