
Microsoft Visual Studio Solution File, Format Version 12.00
# Visual Studio Version 17
VisualStudioVersion = 17.0.32014.148
MinimumVisualStudioVersion = 10.0.40219.1
Project("{FAE04EC0-301F-11D3-BF4B-00C04F79EFBC}") = "BankingOop2", "BankingOop2\BankingOop2.csproj", "{E3538121-B980-49DC-A15A-43D78BAA4323}"
EndProject
Project("{2150E333-8FDC-42A3-9474-1A3956D46DE8}") = "Solution Items", "Solution Items", "{1DB276A7-A90C-46C3-9EC0-67C02A527E8A}"
	ProjectSection(SolutionItems) = preProject
		README.md = README.md
	EndProjectSection
EndProject
Global
	GlobalSection(SolutionConfigurationPlatforms) = preSolution
		Debug|Any CPU = Debug|Any CPU
		Release|Any CPU = Release|Any CPU
	EndGlobalSection
	GlobalSection(ProjectConfigurationPlatforms) = postSolution
		{E3538121-B980-49DC-A15A-43D78BAA4323}.Debug|Any CPU.ActiveCfg = Debug|Any CPU
		{E3538121-B980-49DC-A15A-43D78BAA4323}.Debug|Any CPU.Build.0 = Debug|Any CPU
		{E3538121-B980-49DC-A15A-43D78BAA4323}.Release|Any CPU.ActiveCfg = Release|Any CPU
		{E3538121-B980-49DC-A15A-43D78BAA4323}.Release|Any CPU.Build.0 = Release|Any CPU
	EndGlobalSection
	GlobalSection(SolutionProperties) = preSolution
		HideSolutionNode = FALSE
	EndGlobalSection
	GlobalSection(ExtensibilityGlobals) = postSolution
		SolutionGuid = {22419148-2A1A-4899-9383-0CBDFAFB0A15}
	EndGlobalSection
EndGlobal
