
Microsoft Visual Studio Solution File, Format Version 12.00
# Visual Studio Version 16
VisualStudioVersion = 16.0.29728.190
MinimumVisualStudioVersion = 10.0.40219.1
Project("{FAE04EC0-301F-11D3-BF4B-00C04F79EFBC}") = "WebPole", "WebPole\WebPole.csproj", "{3A0FEF1D-0572-4BCB-BE67-8B5BC9DF8F16}"
EndProject
Global
	GlobalSection(SolutionConfigurationPlatforms) = preSolution
		Debug|Any CPU = Debug|Any CPU
		Release|Any CPU = Release|Any CPU
	EndGlobalSection
	GlobalSection(ProjectConfigurationPlatforms) = postSolution
		{3A0FEF1D-0572-4BCB-BE67-8B5BC9DF8F16}.Debug|Any CPU.ActiveCfg = Debug|Any CPU
		{3A0FEF1D-0572-4BCB-BE67-8B5BC9DF8F16}.Debug|Any CPU.Build.0 = Debug|Any CPU
		{3A0FEF1D-0572-4BCB-BE67-8B5BC9DF8F16}.Release|Any CPU.ActiveCfg = Release|Any CPU
		{3A0FEF1D-0572-4BCB-BE67-8B5BC9DF8F16}.Release|Any CPU.Build.0 = Release|Any CPU
	EndGlobalSection
	GlobalSection(SolutionProperties) = preSolution
		HideSolutionNode = FALSE
	EndGlobalSection
	GlobalSection(ExtensibilityGlobals) = postSolution
		SolutionGuid = {DFD095FD-B1FE-42B1-9FE6-95EE2396D384}
	EndGlobalSection
EndGlobal
